
Microsoft Visual Studio Solution File, Format Version 12.00
# Visual Studio Version 17
VisualStudioVersion = 17.0.31717.71
MinimumVisualStudioVersion = 10.0.40219.1
Project("{9A19103F-16F7-4668-BE54-9A1E7A4F7556}") = "dotWork", "dotWork\dotWork.csproj", "{6BC1AC20-B8EF-40CE-AEE5-7397C0903E25}"
EndProject
Project("{FAE04EC0-301F-11D3-BF4B-00C04F79EFBC}") = "dotWork.Tests", "dotWork.Tests\dotWork.Tests.csproj", "{A826B67B-AC6D-45DC-BB96-09592CC34095}"
EndProject
Global
	GlobalSection(SolutionConfigurationPlatforms) = preSolution
		Debug|Any CPU = Debug|Any CPU
		Release|Any CPU = Release|Any CPU
	EndGlobalSection
	GlobalSection(ProjectConfigurationPlatforms) = postSolution
		{6BC1AC20-B8EF-40CE-AEE5-7397C0903E25}.Debug|Any CPU.ActiveCfg = Debug|Any CPU
		{6BC1AC20-B8EF-40CE-AEE5-7397C0903E25}.Debug|Any CPU.Build.0 = Debug|Any CPU
		{6BC1AC20-B8EF-40CE-AEE5-7397C0903E25}.Release|Any CPU.ActiveCfg = Release|Any CPU
		{6BC1AC20-B8EF-40CE-AEE5-7397C0903E25}.Release|Any CPU.Build.0 = Release|Any CPU
		{A826B67B-AC6D-45DC-BB96-09592CC34095}.Debug|Any CPU.ActiveCfg = Debug|Any CPU
		{A826B67B-AC6D-45DC-BB96-09592CC34095}.Debug|Any CPU.Build.0 = Debug|Any CPU
		{A826B67B-AC6D-45DC-BB96-09592CC34095}.Release|Any CPU.ActiveCfg = Release|Any CPU
		{A826B67B-AC6D-45DC-BB96-09592CC34095}.Release|Any CPU.Build.0 = Release|Any CPU
	EndGlobalSection
	GlobalSection(SolutionProperties) = preSolution
		HideSolutionNode = FALSE
	EndGlobalSection
	GlobalSection(ExtensibilityGlobals) = postSolution
		SolutionGuid = {C8B5325D-EB5E-443F-B3CB-EBC1311B3028}
	EndGlobalSection
EndGlobal
